// !$*UTF8*$!
{
	archiveVersion = 1;
	classes = {
	};
	objectVersion = 56;
	objects = {

/* Begin PBXBuildFile section */
		96AEF69B2B74F6E4001CC0EF /* AppDelegate.swift in Sources */ = {isa = PBXBuildFile; fileRef = 96AEF69A2B74F6E4001CC0EF /* AppDelegate.swift */; };
		96AEF69F2B74F6E4001CC0EF /* MasterViewController.swift in Sources */ = {isa = PBXBuildFile; fileRef = 96AEF69E2B74F6E4001CC0EF /* MasterViewController.swift */; };
		96AEF6A42B74F6E7001CC0EF /* Assets.xcassets in Resources */ = {isa = PBXBuildFile; fileRef = 96AEF6A32B74F6E7001CC0EF /* Assets.xcassets */; };
		96AEF6A72B74F6E7001CC0EF /* LaunchScreen.storyboard in Resources */ = {isa = PBXBuildFile; fileRef = 96AEF6A52B74F6E7001CC0EF /* LaunchScreen.storyboard */; };
		96AEF6B12B74F89A001CC0EF /* MasterView.swift in Sources */ = {isa = PBXBuildFile; fileRef = 96AEF6B02B74F89A001CC0EF /* MasterView.swift */; };
		96AEF6B42B74F8DF001CC0EF /* MasterPresenterOutput.swift in Sources */ = {isa = PBXBuildFile; fileRef = 96AEF6B32B74F8DF001CC0EF /* MasterPresenterOutput.swift */; };
		96AEF6B62B74F908001CC0EF /* MasterPresenterInput.swift in Sources */ = {isa = PBXBuildFile; fileRef = 96AEF6B52B74F908001CC0EF /* MasterPresenterInput.swift */; };
		96AEF6B82B74F918001CC0EF /* MasterPresenter.swift in Sources */ = {isa = PBXBuildFile; fileRef = 96AEF6B72B74F918001CC0EF /* MasterPresenter.swift */; };
		96AEF6BA2B74F983001CC0EF /* AppDependencyContainer.swift in Sources */ = {isa = PBXBuildFile; fileRef = 96AEF6B92B74F983001CC0EF /* AppDependencyContainer.swift */; };
		96AEF6BD2B74FA84001CC0EF /* BooksRepository.swift in Sources */ = {isa = PBXBuildFile; fileRef = 96AEF6BC2B74FA84001CC0EF /* BooksRepository.swift */; };
		96AEF6BF2B74FA95001CC0EF /* BasicBooksRepository.swift in Sources */ = {isa = PBXBuildFile; fileRef = 96AEF6BE2B74FA95001CC0EF /* BasicBooksRepository.swift */; };
		96AEF6C22B74FAB8001CC0EF /* BooksService.swift in Sources */ = {isa = PBXBuildFile; fileRef = 96AEF6C12B74FAB8001CC0EF /* BooksService.swift */; };
		96AEF6C42B74FAC3001CC0EF /* MockBooksService.swift in Sources */ = {isa = PBXBuildFile; fileRef = 96AEF6C32B74FAC3001CC0EF /* MockBooksService.swift */; };
		96AEF6C72B74FB25001CC0EF /* Book.swift in Sources */ = {isa = PBXBuildFile; fileRef = 96AEF6C62B74FB25001CC0EF /* Book.swift */; };
		96AEF6C92B74FB51001CC0EF /* BookDetail.swift in Sources */ = {isa = PBXBuildFile; fileRef = 96AEF6C82B74FB51001CC0EF /* BookDetail.swift */; };
/* End PBXBuildFile section */

/* Begin PBXFileReference section */
		96AEF6972B74F6E4001CC0EF /* Books.app */ = {isa = PBXFileReference; explicitFileType = wrapper.application; includeInIndex = 0; path = Books.app; sourceTree = BUILT_PRODUCTS_DIR; };
		96AEF69A2B74F6E4001CC0EF /* AppDelegate.swift */ = {isa = PBXFileReference; lastKnownFileType = sourcecode.swift; path = AppDelegate.swift; sourceTree = "<group>"; };
		96AEF69E2B74F6E4001CC0EF /* MasterViewController.swift */ = {isa = PBXFileReference; lastKnownFileType = sourcecode.swift; path = MasterViewController.swift; sourceTree = "<group>"; };
		96AEF6A32B74F6E7001CC0EF /* Assets.xcassets */ = {isa = PBXFileReference; lastKnownFileType = folder.assetcatalog; path = Assets.xcassets; sourceTree = "<group>"; };
		96AEF6A62B74F6E7001CC0EF /* Base */ = {isa = PBXFileReference; lastKnownFileType = file.storyboard; name = Base; path = Base.lproj/LaunchScreen.storyboard; sourceTree = "<group>"; };
		96AEF6A82B74F6E7001CC0EF /* Info.plist */ = {isa = PBXFileReference; lastKnownFileType = text.plist.xml; path = Info.plist; sourceTree = "<group>"; };
		96AEF6B02B74F89A001CC0EF /* MasterView.swift */ = {isa = PBXFileReference; lastKnownFileType = sourcecode.swift; path = MasterView.swift; sourceTree = "<group>"; };
		96AEF6B32B74F8DF001CC0EF /* MasterPresenterOutput.swift */ = {isa = PBXFileReference; lastKnownFileType = sourcecode.swift; path = MasterPresenterOutput.swift; sourceTree = "<group>"; };
		96AEF6B52B74F908001CC0EF /* MasterPresenterInput.swift */ = {isa = PBXFileReference; lastKnownFileType = sourcecode.swift; path = MasterPresenterInput.swift; sourceTree = "<group>"; };
		96AEF6B72B74F918001CC0EF /* MasterPresenter.swift */ = {isa = PBXFileReference; lastKnownFileType = sourcecode.swift; path = MasterPresenter.swift; sourceTree = "<group>"; };
		96AEF6B92B74F983001CC0EF /* AppDependencyContainer.swift */ = {isa = PBXFileReference; lastKnownFileType = sourcecode.swift; path = AppDependencyContainer.swift; sourceTree = "<group>"; };
		96AEF6BC2B74FA84001CC0EF /* BooksRepository.swift */ = {isa = PBXFileReference; lastKnownFileType = sourcecode.swift; path = BooksRepository.swift; sourceTree = "<group>"; };
		96AEF6BE2B74FA95001CC0EF /* BasicBooksRepository.swift */ = {isa = PBXFileReference; lastKnownFileType = sourcecode.swift; path = BasicBooksRepository.swift; sourceTree = "<group>"; };
		96AEF6C12B74FAB8001CC0EF /* BooksService.swift */ = {isa = PBXFileReference; lastKnownFileType = sourcecode.swift; path = BooksService.swift; sourceTree = "<group>"; };
		96AEF6C32B74FAC3001CC0EF /* MockBooksService.swift */ = {isa = PBXFileReference; lastKnownFileType = sourcecode.swift; path = MockBooksService.swift; sourceTree = "<group>"; };
		96AEF6C62B74FB25001CC0EF /* Book.swift */ = {isa = PBXFileReference; lastKnownFileType = sourcecode.swift; path = Book.swift; sourceTree = "<group>"; };
		96AEF6C82B74FB51001CC0EF /* BookDetail.swift */ = {isa = PBXFileReference; lastKnownFileType = sourcecode.swift; path = BookDetail.swift; sourceTree = "<group>"; };
/* End PBXFileReference section */

/* Begin PBXFrameworksBuildPhase section */
		96AEF6942B74F6E4001CC0EF /* Frameworks */ = {
			isa = PBXFrameworksBuildPhase;
			buildActionMask = 2147483647;
			files = (
			);
			runOnlyForDeploymentPostprocessing = 0;
		};
/* End PBXFrameworksBuildPhase section */

/* Begin PBXGroup section */
		96AEF68E2B74F6E4001CC0EF = {
			isa = PBXGroup;
			children = (
				96AEF6992B74F6E4001CC0EF /* Books */,
				96AEF6982B74F6E4001CC0EF /* Products */,
			);
			sourceTree = "<group>";
		};
		96AEF6982B74F6E4001CC0EF /* Products */ = {
			isa = PBXGroup;
			children = (
				96AEF6972B74F6E4001CC0EF /* Books.app */,
			);
			name = Products;
			sourceTree = "<group>";
		};
		96AEF6992B74F6E4001CC0EF /* Books */ = {
			isa = PBXGroup;
			children = (
				96AEF6C52B74FB14001CC0EF /* Models */,
				96AEF6C02B74FAAC001CC0EF /* Service */,
				96AEF6BB2B74FA78001CC0EF /* Repository */,
				96AEF69A2B74F6E4001CC0EF /* AppDelegate.swift */,
				96AEF6AE2B74F889001CC0EF /* Master */,
				96AEF6A32B74F6E7001CC0EF /* Assets.xcassets */,
				96AEF6A52B74F6E7001CC0EF /* LaunchScreen.storyboard */,
				96AEF6A82B74F6E7001CC0EF /* Info.plist */,
				96AEF6B92B74F983001CC0EF /* AppDependencyContainer.swift */,
			);
			path = Books;
			sourceTree = "<group>";
		};
		96AEF6AE2B74F889001CC0EF /* Master */ = {
			isa = PBXGroup;
			children = (
				96AEF6B22B74F8D3001CC0EF /* Presenter */,
				96AEF6AF2B74F88E001CC0EF /* View */,
			);
			path = Master;
			sourceTree = "<group>";
		};
		96AEF6AF2B74F88E001CC0EF /* View */ = {
			isa = PBXGroup;
			children = (
				96AEF69E2B74F6E4001CC0EF /* MasterViewController.swift */,
				96AEF6B02B74F89A001CC0EF /* MasterView.swift */,
			);
			path = View;
			sourceTree = "<group>";
		};
		96AEF6B22B74F8D3001CC0EF /* Presenter */ = {
			isa = PBXGroup;
			children = (
				96AEF6B32B74F8DF001CC0EF /* MasterPresenterOutput.swift */,
				96AEF6B52B74F908001CC0EF /* MasterPresenterInput.swift */,
				96AEF6B72B74F918001CC0EF /* MasterPresenter.swift */,
			);
			path = Presenter;
			sourceTree = "<group>";
		};
		96AEF6BB2B74FA78001CC0EF /* Repository */ = {
			isa = PBXGroup;
			children = (
				96AEF6BC2B74FA84001CC0EF /* BooksRepository.swift */,
				96AEF6BE2B74FA95001CC0EF /* BasicBooksRepository.swift */,
			);
			path = Repository;
			sourceTree = "<group>";
		};
		96AEF6C02B74FAAC001CC0EF /* Service */ = {
			isa = PBXGroup;
			children = (
				96AEF6C12B74FAB8001CC0EF /* BooksService.swift */,
				96AEF6C32B74FAC3001CC0EF /* MockBooksService.swift */,
			);
			path = Service;
			sourceTree = "<group>";
		};
		96AEF6C52B74FB14001CC0EF /* Models */ = {
			isa = PBXGroup;
			children = (
				96AEF6C62B74FB25001CC0EF /* Book.swift */,
				96AEF6C82B74FB51001CC0EF /* BookDetail.swift */,
			);
			path = Models;
			sourceTree = "<group>";
		};
/* End PBXGroup section */

/* Begin PBXNativeTarget section */
		96AEF6962B74F6E4001CC0EF /* Books */ = {
			isa = PBXNativeTarget;
			buildConfigurationList = 96AEF6AB2B74F6E7001CC0EF /* Build configuration list for PBXNativeTarget "Books" */;
			buildPhases = (
				96AEF6932B74F6E4001CC0EF /* Sources */,
				96AEF6942B74F6E4001CC0EF /* Frameworks */,
				96AEF6952B74F6E4001CC0EF /* Resources */,
			);
			buildRules = (
			);
			dependencies = (
			);
			name = Books;
			productName = Books;
			productReference = 96AEF6972B74F6E4001CC0EF /* Books.app */;
			productType = "com.apple.product-type.application";
		};
/* End PBXNativeTarget section */

/* Begin PBXProject section */
		96AEF68F2B74F6E4001CC0EF /* Project object */ = {
			isa = PBXProject;
			attributes = {
				BuildIndependentTargetsInParallel = 1;
				LastSwiftUpdateCheck = 1520;
				LastUpgradeCheck = 1520;
				TargetAttributes = {
					96AEF6962B74F6E4001CC0EF = {
						CreatedOnToolsVersion = 15.2;
					};
				};
			};
			buildConfigurationList = 96AEF6922B74F6E4001CC0EF /* Build configuration list for PBXProject "Books" */;
			compatibilityVersion = "Xcode 14.0";
			developmentRegion = en;
			hasScannedForEncodings = 0;
			knownRegions = (
				en,
				Base,
			);
			mainGroup = 96AEF68E2B74F6E4001CC0EF;
			productRefGroup = 96AEF6982B74F6E4001CC0EF /* Products */;
			projectDirPath = "";
			projectRoot = "";
			targets = (
				96AEF6962B74F6E4001CC0EF /* Books */,
			);
		};
/* End PBXProject section */

/* Begin PBXResourcesBuildPhase section */
		96AEF6952B74F6E4001CC0EF /* Resources */ = {
			isa = PBXResourcesBuildPhase;
			buildActionMask = 2147483647;
			files = (
				96AEF6A72B74F6E7001CC0EF /* LaunchScreen.storyboard in Resources */,
				96AEF6A42B74F6E7001CC0EF /* Assets.xcassets in Resources */,
			);
			runOnlyForDeploymentPostprocessing = 0;
		};
/* End PBXResourcesBuildPhase section */

/* Begin PBXSourcesBuildPhase section */
		96AEF6932B74F6E4001CC0EF /* Sources */ = {
			isa = PBXSourcesBuildPhase;
			buildActionMask = 2147483647;
			files = (
				96AEF6B82B74F918001CC0EF /* MasterPresenter.swift in Sources */,
				96AEF6BA2B74F983001CC0EF /* AppDependencyContainer.swift in Sources */,
				96AEF6B12B74F89A001CC0EF /* MasterView.swift in Sources */,
				96AEF6B62B74F908001CC0EF /* MasterPresenterInput.swift in Sources */,
				96AEF6C22B74FAB8001CC0EF /* BooksService.swift in Sources */,
				96AEF6BF2B74FA95001CC0EF /* BasicBooksRepository.swift in Sources */,
				96AEF69F2B74F6E4001CC0EF /* MasterViewController.swift in Sources */,
				96AEF6C92B74FB51001CC0EF /* BookDetail.swift in Sources */,
				96AEF69B2B74F6E4001CC0EF /* AppDelegate.swift in Sources */,
				96AEF6C72B74FB25001CC0EF /* Book.swift in Sources */,
				96AEF6C42B74FAC3001CC0EF /* MockBooksService.swift in Sources */,
				96AEF6BD2B74FA84001CC0EF /* BooksRepository.swift in Sources */,
				96AEF6B42B74F8DF001CC0EF /* MasterPresenterOutput.swift in Sources */,
			);
			runOnlyForDeploymentPostprocessing = 0;
		};
/* End PBXSourcesBuildPhase section */

/* Begin PBXVariantGroup section */
		96AEF6A52B74F6E7001CC0EF /* LaunchScreen.storyboard */ = {
			isa = PBXVariantGroup;
			children = (
				96AEF6A62B74F6E7001CC0EF /* Base */,
			);
			name = LaunchScreen.storyboard;
			sourceTree = "<group>";
		};
/* End PBXVariantGroup section */

/* Begin XCBuildConfiguration section */
		96AEF6A92B74F6E7001CC0EF /* Debug */ = {
			isa = XCBuildConfiguration;
			buildSettings = {
				ALWAYS_SEARCH_USER_PATHS = NO;
				ASSETCATALOG_COMPILER_GENERATE_SWIFT_ASSET_SYMBOL_EXTENSIONS = YES;
				CLANG_ANALYZER_NONNULL = YES;
				CLANG_ANALYZER_NUMBER_OBJECT_CONVERSION = YES_AGGRESSIVE;
				CLANG_CXX_LANGUAGE_STANDARD = "gnu++20";
				CLANG_ENABLE_MODULES = YES;
				CLANG_ENABLE_OBJC_ARC = YES;
				CLANG_ENABLE_OBJC_WEAK = YES;
				CLANG_WARN_BLOCK_CAPTURE_AUTORELEASING = YES;
				CLANG_WARN_BOOL_CONVERSION = YES;
				CLANG_WARN_COMMA = YES;
				CLANG_WARN_CONSTANT_CONVERSION = YES;
				CLANG_WARN_DEPRECATED_OBJC_IMPLEMENTATIONS = YES;
				CLANG_WARN_DIRECT_OBJC_ISA_USAGE = YES_ERROR;
				CLANG_WARN_DOCUMENTATION_COMMENTS = YES;
				CLANG_WARN_EMPTY_BODY = YES;
				CLANG_WARN_ENUM_CONVERSION = YES;
				CLANG_WARN_INFINITE_RECURSION = YES;
				CLANG_WARN_INT_CONVERSION = YES;
				CLANG_WARN_NON_LITERAL_NULL_CONVERSION = YES;
				CLANG_WARN_OBJC_IMPLICIT_RETAIN_SELF = YES;
				CLANG_WARN_OBJC_LITERAL_CONVERSION = YES;
				CLANG_WARN_OBJC_ROOT_CLASS = YES_ERROR;
				CLANG_WARN_QUOTED_INCLUDE_IN_FRAMEWORK_HEADER = YES;
				CLANG_WARN_RANGE_LOOP_ANALYSIS = YES;
				CLANG_WARN_STRICT_PROTOTYPES = YES;
				CLANG_WARN_SUSPICIOUS_MOVE = YES;
				CLANG_WARN_UNGUARDED_AVAILABILITY = YES_AGGRESSIVE;
				CLANG_WARN_UNREACHABLE_CODE = YES;
				CLANG_WARN__DUPLICATE_METHOD_MATCH = YES;
				COPY_PHASE_STRIP = NO;
				DEBUG_INFORMATION_FORMAT = dwarf;
				ENABLE_STRICT_OBJC_MSGSEND = YES;
				ENABLE_TESTABILITY = YES;
				ENABLE_USER_SCRIPT_SANDBOXING = YES;
				GCC_C_LANGUAGE_STANDARD = gnu17;
				GCC_DYNAMIC_NO_PIC = NO;
				GCC_NO_COMMON_BLOCKS = YES;
				GCC_OPTIMIZATION_LEVEL = 0;
				GCC_PREPROCESSOR_DEFINITIONS = (
					"DEBUG=1",
					"$(inherited)",
				);
				GCC_WARN_64_TO_32_BIT_CONVERSION = YES;
				GCC_WARN_ABOUT_RETURN_TYPE = YES_ERROR;
				GCC_WARN_UNDECLARED_SELECTOR = YES;
				GCC_WARN_UNINITIALIZED_AUTOS = YES_AGGRESSIVE;
				GCC_WARN_UNUSED_FUNCTION = YES;
				GCC_WARN_UNUSED_VARIABLE = YES;
				IPHONEOS_DEPLOYMENT_TARGET = 17.2;
				LOCALIZATION_PREFERS_STRING_CATALOGS = YES;
				MTL_ENABLE_DEBUG_INFO = INCLUDE_SOURCE;
				MTL_FAST_MATH = YES;
				ONLY_ACTIVE_ARCH = YES;
				SDKROOT = iphoneos;
				SWIFT_ACTIVE_COMPILATION_CONDITIONS = "DEBUG $(inherited)";
				SWIFT_OPTIMIZATION_LEVEL = "-Onone";
			};
			name = Debug;
		};
		96AEF6AA2B74F6E7001CC0EF /* Release */ = {
			isa = XCBuildConfiguration;
			buildSettings = {
				ALWAYS_SEARCH_USER_PATHS = NO;
				ASSETCATALOG_COMPILER_GENERATE_SWIFT_ASSET_SYMBOL_EXTENSIONS = YES;
				CLANG_ANALYZER_NONNULL = YES;
				CLANG_ANALYZER_NUMBER_OBJECT_CONVERSION = YES_AGGRESSIVE;
				CLANG_CXX_LANGUAGE_STANDARD = "gnu++20";
				CLANG_ENABLE_MODULES = YES;
				CLANG_ENABLE_OBJC_ARC = YES;
				CLANG_ENABLE_OBJC_WEAK = YES;
				CLANG_WARN_BLOCK_CAPTURE_AUTORELEASING = YES;
				CLANG_WARN_BOOL_CONVERSION = YES;
				CLANG_WARN_COMMA = YES;
				CLANG_WARN_CONSTANT_CONVERSION = YES;
				CLANG_WARN_DEPRECATED_OBJC_IMPLEMENTATIONS = YES;
				CLANG_WARN_DIRECT_OBJC_ISA_USAGE = YES_ERROR;
				CLANG_WARN_DOCUMENTATION_COMMENTS = YES;
				CLANG_WARN_EMPTY_BODY = YES;
				CLANG_WARN_ENUM_CONVERSION = YES;
				CLANG_WARN_INFINITE_RECURSION = YES;
				CLANG_WARN_INT_CONVERSION = YES;
				CLANG_WARN_NON_LITERAL_NULL_CONVERSION = YES;
				CLANG_WARN_OBJC_IMPLICIT_RETAIN_SELF = YES;
				CLANG_WARN_OBJC_LITERAL_CONVERSION = YES;
				CLANG_WARN_OBJC_ROOT_CLASS = YES_ERROR;
				CLANG_WARN_QUOTED_INCLUDE_IN_FRAMEWORK_HEADER = YES;
				CLANG_WARN_RANGE_LOOP_ANALYSIS = YES;
				CLANG_WARN_STRICT_PROTOTYPES = YES;
				CLANG_WARN_SUSPICIOUS_MOVE = YES;
				CLANG_WARN_UNGUARDED_AVAILABILITY = YES_AGGRESSIVE;
				CLANG_WARN_UNREACHABLE_CODE = YES;
				CLANG_WARN__DUPLICATE_METHOD_MATCH = YES;
				COPY_PHASE_STRIP = NO;
				DEBUG_INFORMATION_FORMAT = "dwarf-with-dsym";
				ENABLE_NS_ASSERTIONS = NO;
				ENABLE_STRICT_OBJC_MSGSEND = YES;
				ENABLE_USER_SCRIPT_SANDBOXING = YES;
				GCC_C_LANGUAGE_STANDARD = gnu17;
				GCC_NO_COMMON_BLOCKS = YES;
				GCC_WARN_64_TO_32_BIT_CONVERSION = YES;
				GCC_WARN_ABOUT_RETURN_TYPE = YES_ERROR;
				GCC_WARN_UNDECLARED_SELECTOR = YES;
				GCC_WARN_UNINITIALIZED_AUTOS = YES_AGGRESSIVE;
				GCC_WARN_UNUSED_FUNCTION = YES;
				GCC_WARN_UNUSED_VARIABLE = YES;
				IPHONEOS_DEPLOYMENT_TARGET = 17.2;
				LOCALIZATION_PREFERS_STRING_CATALOGS = YES;
				MTL_ENABLE_DEBUG_INFO = NO;
				MTL_FAST_MATH = YES;
				SDKROOT = iphoneos;
				SWIFT_COMPILATION_MODE = wholemodule;
				VALIDATE_PRODUCT = YES;
			};
			name = Release;
		};
		96AEF6AC2B74F6E7001CC0EF /* Debug */ = {
			isa = XCBuildConfiguration;
			buildSettings = {
				ASSETCATALOG_COMPILER_APPICON_NAME = AppIcon;
				ASSETCATALOG_COMPILER_GLOBAL_ACCENT_COLOR_NAME = AccentColor;
				CODE_SIGN_STYLE = Automatic;
				CURRENT_PROJECT_VERSION = 1;
				DEVELOPMENT_TEAM = H5R82ZFKSP;
				GENERATE_INFOPLIST_FILE = YES;
				INFOPLIST_FILE = Books/Info.plist;
				INFOPLIST_KEY_UIApplicationSupportsIndirectInputEvents = YES;
				INFOPLIST_KEY_UILaunchStoryboardName = LaunchScreen;
				INFOPLIST_KEY_UISupportedInterfaceOrientations_iPad = "UIInterfaceOrientationPortrait UIInterfaceOrientationPortraitUpsideDown UIInterfaceOrientationLandscapeLeft UIInterfaceOrientationLandscapeRight";
				INFOPLIST_KEY_UISupportedInterfaceOrientations_iPhone = "UIInterfaceOrientationPortrait UIInterfaceOrientationLandscapeLeft UIInterfaceOrientationLandscapeRight";
				LD_RUNPATH_SEARCH_PATHS = (
					"$(inherited)",
					"@executable_path/Frameworks",
				);
				MARKETING_VERSION = 1.0;
				PRODUCT_BUNDLE_IDENTIFIER = com.corscheg.Books;
				PRODUCT_NAME = "$(TARGET_NAME)";
				SWIFT_EMIT_LOC_STRINGS = YES;
				SWIFT_VERSION = 5.0;
				TARGETED_DEVICE_FAMILY = "1,2";
			};
			name = Debug;
		};
		96AEF6AD2B74F6E7001CC0EF /* Release */ = {
			isa = XCBuildConfiguration;
			buildSettings = {
				ASSETCATALOG_COMPILER_APPICON_NAME = AppIcon;
				ASSETCATALOG_COMPILER_GLOBAL_ACCENT_COLOR_NAME = AccentColor;
				CODE_SIGN_STYLE = Automatic;
				CURRENT_PROJECT_VERSION = 1;
				DEVELOPMENT_TEAM = H5R82ZFKSP;
				GENERATE_INFOPLIST_FILE = YES;
				INFOPLIST_FILE = Books/Info.plist;
				INFOPLIST_KEY_UIApplicationSupportsIndirectInputEvents = YES;
				INFOPLIST_KEY_UILaunchStoryboardName = LaunchScreen;
				INFOPLIST_KEY_UISupportedInterfaceOrientations_iPad = "UIInterfaceOrientationPortrait UIInterfaceOrientationPortraitUpsideDown UIInterfaceOrientationLandscapeLeft UIInterfaceOrientationLandscapeRight";
				INFOPLIST_KEY_UISupportedInterfaceOrientations_iPhone = "UIInterfaceOrientationPortrait UIInterfaceOrientationLandscapeLeft UIInterfaceOrientationLandscapeRight";
				LD_RUNPATH_SEARCH_PATHS = (
					"$(inherited)",
					"@executable_path/Frameworks",
				);
				MARKETING_VERSION = 1.0;
				PRODUCT_BUNDLE_IDENTIFIER = com.corscheg.Books;
				PRODUCT_NAME = "$(TARGET_NAME)";
				SWIFT_EMIT_LOC_STRINGS = YES;
				SWIFT_VERSION = 5.0;
				TARGETED_DEVICE_FAMILY = "1,2";
			};
			name = Release;
		};
/* End XCBuildConfiguration section */

/* Begin XCConfigurationList section */
		96AEF6922B74F6E4001CC0EF /* Build configuration list for PBXProject "Books" */ = {
			isa = XCConfigurationList;
			buildConfigurations = (
				96AEF6A92B74F6E7001CC0EF /* Debug */,
				96AEF6AA2B74F6E7001CC0EF /* Release */,
			);
			defaultConfigurationIsVisible = 0;
			defaultConfigurationName = Release;
		};
		96AEF6AB2B74F6E7001CC0EF /* Build configuration list for PBXNativeTarget "Books" */ = {
			isa = XCConfigurationList;
			buildConfigurations = (
				96AEF6AC2B74F6E7001CC0EF /* Debug */,
				96AEF6AD2B74F6E7001CC0EF /* Release */,
			);
			defaultConfigurationIsVisible = 0;
			defaultConfigurationName = Release;
		};
/* End XCConfigurationList section */
	};
	rootObject = 96AEF68F2B74F6E4001CC0EF /* Project object */;
}
